// !$*UTF8*$!
{
	archiveVersion = 1;
	classes = {
	};
	objectVersion = 46;
	objects = {

/* Begin PBXBuildFile section */
		1339E0B71BD965F00014CBDB /* Functions.swift in Sources */ = {isa = PBXBuildFile; fileRef = 1339E0B61BD965F00014CBDB /* Functions.swift */; };
		1339E0B91BD96B820014CBDB /* PlayPause.swift in Sources */ = {isa = PBXBuildFile; fileRef = 1339E0B81BD96B820014CBDB /* PlayPause.swift */; };
		1339E0BB1BD97DD90014CBDB /* Shapes.swift in Sources */ = {isa = PBXBuildFile; fileRef = 1339E0BA1BD97DD90014CBDB /* Shapes.swift */; };
		133AD5501BDFDA3A0023788E /* Model.swift in Sources */ = {isa = PBXBuildFile; fileRef = 133AD54F1BDFDA3A0023788E /* Model.swift */; };
		133AD5521BDFE2840023788E /* Observer.swift in Sources */ = {isa = PBXBuildFile; fileRef = 133AD5511BDFE2840023788E /* Observer.swift */; };
		133AD5541BDFE5DF0023788E /* ObserversTest.swift in Sources */ = {isa = PBXBuildFile; fileRef = 133AD5531BDFE5DF0023788E /* ObserversTest.swift */; };
		133AD5551BDFEE530023788E /* Model.swift in Sources */ = {isa = PBXBuildFile; fileRef = 133AD54F1BDFDA3A0023788E /* Model.swift */; };
		133AD5561BDFEE570023788E /* Observer.swift in Sources */ = {isa = PBXBuildFile; fileRef = 133AD5511BDFE2840023788E /* Observer.swift */; };
		133AD5581BDFF0580023788E /* ModelTests.swift in Sources */ = {isa = PBXBuildFile; fileRef = 133AD5571BDFF0580023788E /* ModelTests.swift */; };
		133D89C31BB9A950007AFAF7 /* AppDelegate.swift in Sources */ = {isa = PBXBuildFile; fileRef = 133D89C21BB9A950007AFAF7 /* AppDelegate.swift */; };
		133D89C51BB9A950007AFAF7 /* ViewController.swift in Sources */ = {isa = PBXBuildFile; fileRef = 133D89C41BB9A950007AFAF7 /* ViewController.swift */; };
		133D89C71BB9A950007AFAF7 /* Images.xcassets in Resources */ = {isa = PBXBuildFile; fileRef = 133D89C61BB9A950007AFAF7 /* Images.xcassets */; };
		133D89CA1BB9A950007AFAF7 /* Main.storyboard in Resources */ = {isa = PBXBuildFile; fileRef = 133D89C81BB9A950007AFAF7 /* Main.storyboard */; };
		137AAB391BD6D1660049209B /* Colors.swift in Sources */ = {isa = PBXBuildFile; fileRef = 137AAB381BD6D1660049209B /* Colors.swift */; };
		13BA886F1BD9D8D5008E98AC /* Scale.swift in Sources */ = {isa = PBXBuildFile; fileRef = 13BA886E1BD9D8D5008E98AC /* Scale.swift */; };
/* End PBXBuildFile section */

/* Begin PBXContainerItemProxy section */
		133D89D01BB9A951007AFAF7 /* PBXContainerItemProxy */ = {
			isa = PBXContainerItemProxy;
			containerPortal = 133D89B51BB9A950007AFAF7 /* Project object */;
			proxyType = 1;
			remoteGlobalIDString = 133D89BC1BB9A950007AFAF7;
			remoteInfo = Pomidorko;
		};
/* End PBXContainerItemProxy section */

/* Begin PBXFileReference section */
		1339E0B61BD965F00014CBDB /* Functions.swift */ = {isa = PBXFileReference; fileEncoding = 4; lastKnownFileType = sourcecode.swift; path = Functions.swift; sourceTree = "<group>"; };
		1339E0B81BD96B820014CBDB /* PlayPause.swift */ = {isa = PBXFileReference; fileEncoding = 4; lastKnownFileType = sourcecode.swift; path = PlayPause.swift; sourceTree = "<group>"; };
		1339E0BA1BD97DD90014CBDB /* Shapes.swift */ = {isa = PBXFileReference; fileEncoding = 4; lastKnownFileType = sourcecode.swift; path = Shapes.swift; sourceTree = "<group>"; };
		133AD54F1BDFDA3A0023788E /* Model.swift */ = {isa = PBXFileReference; fileEncoding = 4; lastKnownFileType = sourcecode.swift; path = Model.swift; sourceTree = "<group>"; };
		133AD5511BDFE2840023788E /* Observer.swift */ = {isa = PBXFileReference; fileEncoding = 4; lastKnownFileType = sourcecode.swift; path = Observer.swift; sourceTree = "<group>"; };
		133AD5531BDFE5DF0023788E /* ObserversTest.swift */ = {isa = PBXFileReference; fileEncoding = 4; lastKnownFileType = sourcecode.swift; path = ObserversTest.swift; sourceTree = "<group>"; };
		133AD5571BDFF0580023788E /* ModelTests.swift */ = {isa = PBXFileReference; fileEncoding = 4; lastKnownFileType = sourcecode.swift; path = ModelTests.swift; sourceTree = "<group>"; };
		133D89BD1BB9A950007AFAF7 /* Pomidorko.app */ = {isa = PBXFileReference; explicitFileType = wrapper.application; includeInIndex = 0; path = Pomidorko.app; sourceTree = BUILT_PRODUCTS_DIR; };
		133D89C11BB9A950007AFAF7 /* Info.plist */ = {isa = PBXFileReference; lastKnownFileType = text.plist.xml; path = Info.plist; sourceTree = "<group>"; };
		133D89C21BB9A950007AFAF7 /* AppDelegate.swift */ = {isa = PBXFileReference; lastKnownFileType = sourcecode.swift; path = AppDelegate.swift; sourceTree = "<group>"; };
		133D89C41BB9A950007AFAF7 /* ViewController.swift */ = {isa = PBXFileReference; lastKnownFileType = sourcecode.swift; path = ViewController.swift; sourceTree = "<group>"; };
		133D89C61BB9A950007AFAF7 /* Images.xcassets */ = {isa = PBXFileReference; lastKnownFileType = folder.assetcatalog; path = Images.xcassets; sourceTree = "<group>"; };
		133D89C91BB9A950007AFAF7 /* Base */ = {isa = PBXFileReference; lastKnownFileType = file.storyboard; name = Base; path = Base.lproj/Main.storyboard; sourceTree = "<group>"; };
		133D89CF1BB9A951007AFAF7 /* PomidorkoTests.xctest */ = {isa = PBXFileReference; explicitFileType = wrapper.cfbundle; includeInIndex = 0; path = PomidorkoTests.xctest; sourceTree = BUILT_PRODUCTS_DIR; };
		133D89D41BB9A951007AFAF7 /* Info.plist */ = {isa = PBXFileReference; lastKnownFileType = text.plist.xml; path = Info.plist; sourceTree = "<group>"; };
		137AAB381BD6D1660049209B /* Colors.swift */ = {isa = PBXFileReference; fileEncoding = 4; lastKnownFileType = sourcecode.swift; path = Colors.swift; sourceTree = "<group>"; };
		13BA886E1BD9D8D5008E98AC /* Scale.swift */ = {isa = PBXFileReference; fileEncoding = 4; lastKnownFileType = sourcecode.swift; path = Scale.swift; sourceTree = "<group>"; };
/* End PBXFileReference section */

/* Begin PBXFrameworksBuildPhase section */
		133D89BA1BB9A950007AFAF7 /* Frameworks */ = {
			isa = PBXFrameworksBuildPhase;
			buildActionMask = 2147483647;
			files = (
			);
			runOnlyForDeploymentPostprocessing = 0;
		};
		133D89CC1BB9A951007AFAF7 /* Frameworks */ = {
			isa = PBXFrameworksBuildPhase;
			buildActionMask = 2147483647;
			files = (
			);
			runOnlyForDeploymentPostprocessing = 0;
		};
/* End PBXFrameworksBuildPhase section */

/* Begin PBXGroup section */
		133AD54E1BDFDA200023788E /* Classes */ = {
			isa = PBXGroup;
			children = (
				133AD54F1BDFDA3A0023788E /* Model.swift */,
				133AD5511BDFE2840023788E /* Observer.swift */,
			);
			name = Classes;
			sourceTree = "<group>";
		};
		133D89B41BB9A950007AFAF7 = {
			isa = PBXGroup;
			children = (
				133D89BF1BB9A950007AFAF7 /* Pomidorko */,
				133D89D21BB9A951007AFAF7 /* PomidorkoTests */,
				133D89BE1BB9A950007AFAF7 /* Products */,
			);
			sourceTree = "<group>";
		};
		133D89BE1BB9A950007AFAF7 /* Products */ = {
			isa = PBXGroup;
			children = (
				133D89BD1BB9A950007AFAF7 /* Pomidorko.app */,
				133D89CF1BB9A951007AFAF7 /* PomidorkoTests.xctest */,
			);
			name = Products;
			sourceTree = "<group>";
		};
		133D89BF1BB9A950007AFAF7 /* Pomidorko */ = {
			isa = PBXGroup;
			children = (
				133AD54E1BDFDA200023788E /* Classes */,
				133D89C21BB9A950007AFAF7 /* AppDelegate.swift */,
				13BA886D1BD9D231008E98AC /* Components */,
				137AAB3B1BD6DADF0049209B /* Common */,
				137AAB3A1BD6DAD40049209B /* UI */,
				133D89C61BB9A950007AFAF7 /* Images.xcassets */,
				133D89C81BB9A950007AFAF7 /* Main.storyboard */,
				133D89C01BB9A950007AFAF7 /* Supporting Files */,
			);
			path = Pomidorko;
			sourceTree = "<group>";
		};
		133D89C01BB9A950007AFAF7 /* Supporting Files */ = {
			isa = PBXGroup;
			children = (
				133D89C11BB9A950007AFAF7 /* Info.plist */,
			);
			name = "Supporting Files";
			sourceTree = "<group>";
		};
		133D89D21BB9A951007AFAF7 /* PomidorkoTests */ = {
			isa = PBXGroup;
			children = (
				133AD5571BDFF0580023788E /* ModelTests.swift */,
				133AD5531BDFE5DF0023788E /* ObserversTest.swift */,
				133D89D31BB9A951007AFAF7 /* Supporting Files */,
			);
			path = PomidorkoTests;
			sourceTree = "<group>";
		};
		133D89D31BB9A951007AFAF7 /* Supporting Files */ = {
			isa = PBXGroup;
			children = (
				133D89D41BB9A951007AFAF7 /* Info.plist */,
			);
			name = "Supporting Files";
			sourceTree = "<group>";
		};
		137AAB3A1BD6DAD40049209B /* UI */ = {
			isa = PBXGroup;
			children = (
				133D89C41BB9A950007AFAF7 /* ViewController.swift */,
				1339E0B81BD96B820014CBDB /* PlayPause.swift */,
				13BA886E1BD9D8D5008E98AC /* Scale.swift */,
			);
			name = UI;
			sourceTree = "<group>";
		};
		137AAB3B1BD6DADF0049209B /* Common */ = {
			isa = PBXGroup;
			children = (
				137AAB381BD6D1660049209B /* Colors.swift */,
				1339E0B61BD965F00014CBDB /* Functions.swift */,
				1339E0BA1BD97DD90014CBDB /* Shapes.swift */,
			);
			name = Common;
			sourceTree = "<group>";
		};
		13BA886D1BD9D231008E98AC /* Components */ = {
			isa = PBXGroup;
			children = (
			);
			name = Components;
			sourceTree = "<group>";
		};
/* End PBXGroup section */

/* Begin PBXNativeTarget section */
		133D89BC1BB9A950007AFAF7 /* Pomidorko */ = {
			isa = PBXNativeTarget;
			buildConfigurationList = 133D89D91BB9A951007AFAF7 /* Build configuration list for PBXNativeTarget "Pomidorko" */;
			buildPhases = (
				133D89B91BB9A950007AFAF7 /* Sources */,
				133D89BA1BB9A950007AFAF7 /* Frameworks */,
				133D89BB1BB9A950007AFAF7 /* Resources */,
			);
			buildRules = (
			);
			dependencies = (
			);
			name = Pomidorko;
			productName = Pomidorko;
			productReference = 133D89BD1BB9A950007AFAF7 /* Pomidorko.app */;
			productType = "com.apple.product-type.application";
		};
		133D89CE1BB9A951007AFAF7 /* PomidorkoTests */ = {
			isa = PBXNativeTarget;
			buildConfigurationList = 133D89DC1BB9A951007AFAF7 /* Build configuration list for PBXNativeTarget "PomidorkoTests" */;
			buildPhases = (
				133D89CB1BB9A951007AFAF7 /* Sources */,
				133D89CC1BB9A951007AFAF7 /* Frameworks */,
				133D89CD1BB9A951007AFAF7 /* Resources */,
			);
			buildRules = (
			);
			dependencies = (
				133D89D11BB9A951007AFAF7 /* PBXTargetDependency */,
			);
			name = PomidorkoTests;
			productName = PomidorkoTests;
			productReference = 133D89CF1BB9A951007AFAF7 /* PomidorkoTests.xctest */;
			productType = "com.apple.product-type.bundle.unit-test";
		};
/* End PBXNativeTarget section */

/* Begin PBXProject section */
		133D89B51BB9A950007AFAF7 /* Project object */ = {
			isa = PBXProject;
			attributes = {
				LastUpgradeCheck = 0640;
				ORGANIZATIONNAME = volter9;
				TargetAttributes = {
					133D89BC1BB9A950007AFAF7 = {
						CreatedOnToolsVersion = 6.4;
					};
					133D89CE1BB9A951007AFAF7 = {
						CreatedOnToolsVersion = 6.4;
						TestTargetID = 133D89BC1BB9A950007AFAF7;
					};
				};
			};
			buildConfigurationList = 133D89B81BB9A950007AFAF7 /* Build configuration list for PBXProject "Pomidorko" */;
			compatibilityVersion = "Xcode 3.2";
			developmentRegion = English;
			hasScannedForEncodings = 0;
			knownRegions = (
				en,
				Base,
			);
			mainGroup = 133D89B41BB9A950007AFAF7;
			productRefGroup = 133D89BE1BB9A950007AFAF7 /* Products */;
			projectDirPath = "";
			projectRoot = "";
			targets = (
				133D89BC1BB9A950007AFAF7 /* Pomidorko */,
				133D89CE1BB9A951007AFAF7 /* PomidorkoTests */,
			);
		};
/* End PBXProject section */

/* Begin PBXResourcesBuildPhase section */
		133D89BB1BB9A950007AFAF7 /* Resources */ = {
			isa = PBXResourcesBuildPhase;
			buildActionMask = 2147483647;
			files = (
				133D89C71BB9A950007AFAF7 /* Images.xcassets in Resources */,
				133D89CA1BB9A950007AFAF7 /* Main.storyboard in Resources */,
			);
			runOnlyForDeploymentPostprocessing = 0;
		};
		133D89CD1BB9A951007AFAF7 /* Resources */ = {
			isa = PBXResourcesBuildPhase;
			buildActionMask = 2147483647;
			files = (
			);
			runOnlyForDeploymentPostprocessing = 0;
		};
/* End PBXResourcesBuildPhase section */

/* Begin PBXSourcesBuildPhase section */
		133D89B91BB9A950007AFAF7 /* Sources */ = {
			isa = PBXSourcesBuildPhase;
			buildActionMask = 2147483647;
			files = (
				133D89C51BB9A950007AFAF7 /* ViewController.swift in Sources */,
				137AAB391BD6D1660049209B /* Colors.swift in Sources */,
				1339E0B91BD96B820014CBDB /* PlayPause.swift in Sources */,
				133AD5521BDFE2840023788E /* Observer.swift in Sources */,
				133D89C31BB9A950007AFAF7 /* AppDelegate.swift in Sources */,
				13BA886F1BD9D8D5008E98AC /* Scale.swift in Sources */,
				1339E0B71BD965F00014CBDB /* Functions.swift in Sources */,
				1339E0BB1BD97DD90014CBDB /* Shapes.swift in Sources */,
				133AD5501BDFDA3A0023788E /* Model.swift in Sources */,
			);
			runOnlyForDeploymentPostprocessing = 0;
		};
		133D89CB1BB9A951007AFAF7 /* Sources */ = {
			isa = PBXSourcesBuildPhase;
			buildActionMask = 2147483647;
			files = (
				133AD5551BDFEE530023788E /* Model.swift in Sources */,
				133AD5561BDFEE570023788E /* Observer.swift in Sources */,
				133AD5581BDFF0580023788E /* ModelTests.swift in Sources */,
				133AD5541BDFE5DF0023788E /* ObserversTest.swift in Sources */,
			);
			runOnlyForDeploymentPostprocessing = 0;
		};
/* End PBXSourcesBuildPhase section */

/* Begin PBXTargetDependency section */
		133D89D11BB9A951007AFAF7 /* PBXTargetDependency */ = {
			isa = PBXTargetDependency;
			target = 133D89BC1BB9A950007AFAF7 /* Pomidorko */;
			targetProxy = 133D89D01BB9A951007AFAF7 /* PBXContainerItemProxy */;
		};
/* End PBXTargetDependency section */

/* Begin PBXVariantGroup section */
		133D89C81BB9A950007AFAF7 /* Main.storyboard */ = {
			isa = PBXVariantGroup;
			children = (
				133D89C91BB9A950007AFAF7 /* Base */,
			);
			name = Main.storyboard;
			sourceTree = "<group>";
		};
/* End PBXVariantGroup section */

/* Begin XCBuildConfiguration section */
		133D89D71BB9A951007AFAF7 /* Debug */ = {
			isa = XCBuildConfiguration;
			buildSettings = {
				ALWAYS_SEARCH_USER_PATHS = NO;
				CLANG_CXX_LANGUAGE_STANDARD = "gnu++0x";
				CLANG_CXX_LIBRARY = "libc++";
				CLANG_ENABLE_MODULES = YES;
				CLANG_ENABLE_OBJC_ARC = YES;
				CLANG_WARN_BOOL_CONVERSION = YES;
				CLANG_WARN_CONSTANT_CONVERSION = YES;
				CLANG_WARN_DIRECT_OBJC_ISA_USAGE = YES_ERROR;
				CLANG_WARN_EMPTY_BODY = YES;
				CLANG_WARN_ENUM_CONVERSION = YES;
				CLANG_WARN_INT_CONVERSION = YES;
				CLANG_WARN_OBJC_ROOT_CLASS = YES_ERROR;
				CLANG_WARN_UNREACHABLE_CODE = YES;
				CLANG_WARN__DUPLICATE_METHOD_MATCH = YES;
				CODE_SIGN_IDENTITY = "-";
				COPY_PHASE_STRIP = NO;
				DEBUG_INFORMATION_FORMAT = dwarf;
				ENABLE_STRICT_OBJC_MSGSEND = YES;
				GCC_C_LANGUAGE_STANDARD = gnu99;
				GCC_DYNAMIC_NO_PIC = NO;
				GCC_NO_COMMON_BLOCKS = YES;
				GCC_OPTIMIZATION_LEVEL = 0;
				GCC_PREPROCESSOR_DEFINITIONS = (
					"DEBUG=1",
					"$(inherited)",
				);
				GCC_SYMBOLS_PRIVATE_EXTERN = NO;
				GCC_WARN_64_TO_32_BIT_CONVERSION = YES;
				GCC_WARN_ABOUT_RETURN_TYPE = YES_ERROR;
				GCC_WARN_UNDECLARED_SELECTOR = YES;
				GCC_WARN_UNINITIALIZED_AUTOS = YES_AGGRESSIVE;
				GCC_WARN_UNUSED_FUNCTION = YES;
				GCC_WARN_UNUSED_VARIABLE = YES;
				MACOSX_DEPLOYMENT_TARGET = 10.10;
				MTL_ENABLE_DEBUG_INFO = YES;
				ONLY_ACTIVE_ARCH = YES;
				SDKROOT = macosx;
				SWIFT_OPTIMIZATION_LEVEL = "-Onone";
			};
			name = Debug;
		};
		133D89D81BB9A951007AFAF7 /* Release */ = {
			isa = XCBuildConfiguration;
			buildSettings = {
				ALWAYS_SEARCH_USER_PATHS = NO;
				CLANG_CXX_LANGUAGE_STANDARD = "gnu++0x";
				CLANG_CXX_LIBRARY = "libc++";
				CLANG_ENABLE_MODULES = YES;
				CLANG_ENABLE_OBJC_ARC = YES;
				CLANG_WARN_BOOL_CONVERSION = YES;
				CLANG_WARN_CONSTANT_CONVERSION = YES;
				CLANG_WARN_DIRECT_OBJC_ISA_USAGE = YES_ERROR;
				CLANG_WARN_EMPTY_BODY = YES;
				CLANG_WARN_ENUM_CONVERSION = YES;
				CLANG_WARN_INT_CONVERSION = YES;
				CLANG_WARN_OBJC_ROOT_CLASS = YES_ERROR;
				CLANG_WARN_UNREACHABLE_CODE = YES;
				CLANG_WARN__DUPLICATE_METHOD_MATCH = YES;
				CODE_SIGN_IDENTITY = "-";
				COPY_PHASE_STRIP = NO;
				DEBUG_INFORMATION_FORMAT = "dwarf-with-dsym";
				ENABLE_NS_ASSERTIONS = NO;
				ENABLE_STRICT_OBJC_MSGSEND = YES;
				GCC_C_LANGUAGE_STANDARD = gnu99;
				GCC_NO_COMMON_BLOCKS = YES;
				GCC_WARN_64_TO_32_BIT_CONVERSION = YES;
				GCC_WARN_ABOUT_RETURN_TYPE = YES_ERROR;
				GCC_WARN_UNDECLARED_SELECTOR = YES;
				GCC_WARN_UNINITIALIZED_AUTOS = YES_AGGRESSIVE;
				GCC_WARN_UNUSED_FUNCTION = YES;
				GCC_WARN_UNUSED_VARIABLE = YES;
				MACOSX_DEPLOYMENT_TARGET = 10.10;
				MTL_ENABLE_DEBUG_INFO = NO;
				SDKROOT = macosx;
			};
			name = Release;
		};
		133D89DA1BB9A951007AFAF7 /* Debug */ = {
			isa = XCBuildConfiguration;
			buildSettings = {
				ASSETCATALOG_COMPILER_APPICON_NAME = AppIcon;
				COMBINE_HIDPI_IMAGES = YES;
				INFOPLIST_FILE = Pomidorko/Info.plist;
				LD_RUNPATH_SEARCH_PATHS = "$(inherited) @executable_path/../Frameworks";
				MACOSX_DEPLOYMENT_TARGET = 10.10;
				PRODUCT_NAME = "$(TARGET_NAME)";
			};
			name = Debug;
		};
		133D89DB1BB9A951007AFAF7 /* Release */ = {
			isa = XCBuildConfiguration;
			buildSettings = {
				ASSETCATALOG_COMPILER_APPICON_NAME = AppIcon;
				COMBINE_HIDPI_IMAGES = YES;
				INFOPLIST_FILE = Pomidorko/Info.plist;
				LD_RUNPATH_SEARCH_PATHS = "$(inherited) @executable_path/../Frameworks";
				MACOSX_DEPLOYMENT_TARGET = 10.10;
				PRODUCT_NAME = "$(TARGET_NAME)";
			};
			name = Release;
		};
		133D89DD1BB9A951007AFAF7 /* Debug */ = {
			isa = XCBuildConfiguration;
			buildSettings = {
				BUNDLE_LOADER = "$(TEST_HOST)";
				COMBINE_HIDPI_IMAGES = YES;
				FRAMEWORK_SEARCH_PATHS = (
					"$(DEVELOPER_FRAMEWORKS_DIR)",
					"$(inherited)",
				);
				GCC_PREPROCESSOR_DEFINITIONS = (
					"DEBUG=1",
					"$(inherited)",
				);
				INFOPLIST_FILE = PomidorkoTests/Info.plist;
				LD_RUNPATH_SEARCH_PATHS = "$(inherited) @executable_path/../Frameworks @loader_path/../Frameworks";
				PRODUCT_NAME = "$(TARGET_NAME)";
				TEST_HOST = "$(BUILT_PRODUCTS_DIR)/Pomidorko.app/Contents/MacOS/Pomidorko";
			};
			name = Debug;
		};
		133D89DE1BB9A951007AFAF7 /* Release */ = {
			isa = XCBuildConfiguration;
			buildSettings = {
				BUNDLE_LOADER = "$(TEST_HOST)";
				COMBINE_HIDPI_IMAGES = YES;
				FRAMEWORK_SEARCH_PATHS = (
					"$(DEVELOPER_FRAMEWORKS_DIR)",
					"$(inherited)",
				);
				INFOPLIST_FILE = PomidorkoTests/Info.plist;
				LD_RUNPATH_SEARCH_PATHS = "$(inherited) @executable_path/../Frameworks @loader_path/../Frameworks";
				PRODUCT_NAME = "$(TARGET_NAME)";
				TEST_HOST = "$(BUILT_PRODUCTS_DIR)/Pomidorko.app/Contents/MacOS/Pomidorko";
			};
			name = Release;
		};
/* End XCBuildConfiguration section */

/* Begin XCConfigurationList section */
		133D89B81BB9A950007AFAF7 /* Build configuration list for PBXProject "Pomidorko" */ = {
			isa = XCConfigurationList;
			buildConfigurations = (
				133D89D71BB9A951007AFAF7 /* Debug */,
				133D89D81BB9A951007AFAF7 /* Release */,
			);
			defaultConfigurationIsVisible = 0;
			defaultConfigurationName = Release;
		};
		133D89D91BB9A951007AFAF7 /* Build configuration list for PBXNativeTarget "Pomidorko" */ = {
			isa = XCConfigurationList;
			buildConfigurations = (
				133D89DA1BB9A951007AFAF7 /* Debug */,
				133D89DB1BB9A951007AFAF7 /* Release */,
			);
			defaultConfigurationIsVisible = 0;
			defaultConfigurationName = Release;
		};
		133D89DC1BB9A951007AFAF7 /* Build configuration list for PBXNativeTarget "PomidorkoTests" */ = {
			isa = XCConfigurationList;
			buildConfigurations = (
				133D89DD1BB9A951007AFAF7 /* Debug */,
				133D89DE1BB9A951007AFAF7 /* Release */,
			);
			defaultConfigurationIsVisible = 0;
			defaultConfigurationName = Release;
		};
/* End XCConfigurationList section */
	};
	rootObject = 133D89B51BB9A950007AFAF7 /* Project object */;
}
